// !$*UTF8*$!
{
	archiveVersion = 1;
	classes = {
	};
	objectVersion = 46;
	objects = {

/* Begin PBXBuildFile section */
		242E7018178C2C8700C9AD10 /* libssl.dylib in Frameworks */ = {isa = PBXBuildFile; fileRef = 242E7017178C2C8700C9AD10 /* libssl.dylib */; };
		242E701A178C2C8D00C9AD10 /* libcrypto.dylib in Frameworks */ = {isa = PBXBuildFile; fileRef = 242E7019178C2C8D00C9AD10 /* libcrypto.dylib */; };
		242E701D178C4E4C00C9AD10 /* apns_request.cpp in Sources */ = {isa = PBXBuildFile; fileRef = 242E701B178C4E4C00C9AD10 /* apns_request.cpp */; };
		242E701E178C4E4C00C9AD10 /* apns_request.hpp in Headers */ = {isa = PBXBuildFile; fileRef = 242E701C178C4E4C00C9AD10 /* apns_request.hpp */; };
		242E7020178C54DB00C9AD10 /* push_service.hpp in Headers */ = {isa = PBXBuildFile; fileRef = 242E701F178C54DA00C9AD10 /* push_service.hpp */; };
		242E7026178EB35500C9AD10 /* apns_response.cpp in Sources */ = {isa = PBXBuildFile; fileRef = 242E7024178EB35400C9AD10 /* apns_response.cpp */; };
		242E7027178EB35500C9AD10 /* apns_response.hpp in Headers */ = {isa = PBXBuildFile; fileRef = 242E7025178EB35400C9AD10 /* apns_response.hpp */; };
		242E702A178F23C000C9AD10 /* apns_errors.cpp in Sources */ = {isa = PBXBuildFile; fileRef = 242E7028178F23C000C9AD10 /* apns_errors.cpp */; };
		242E702B178F23C000C9AD10 /* apns_errors.hpp in Headers */ = {isa = PBXBuildFile; fileRef = 242E7029178F23C000C9AD10 /* apns_errors.hpp */; };
		242E702E178FFEC200C9AD10 /* push_exception.hpp in Headers */ = {isa = PBXBuildFile; fileRef = 242E702D178FFEC200C9AD10 /* push_exception.hpp */; };
		242E7030178FFFDC00C9AD10 /* apns_exception.hpp in Headers */ = {isa = PBXBuildFile; fileRef = 242E702F178FFFDC00C9AD10 /* apns_exception.hpp */; };
		242E70331790105B00C9AD10 /* apns_feedback_connection.cpp in Sources */ = {isa = PBXBuildFile; fileRef = 242E70311790105B00C9AD10 /* apns_feedback_connection.cpp */; };
		242E70341790105B00C9AD10 /* apns_feedback_connection.hpp in Headers */ = {isa = PBXBuildFile; fileRef = 242E70321790105B00C9AD10 /* apns_feedback_connection.hpp */; };
		242E70371797182500C9AD10 /* gcm_request.cpp in Sources */ = {isa = PBXBuildFile; fileRef = 242E70351797182400C9AD10 /* gcm_request.cpp */; };
		242E70381797182500C9AD10 /* gcm_request.hpp in Headers */ = {isa = PBXBuildFile; fileRef = 242E70361797182500C9AD10 /* gcm_request.hpp */; };
		242E703D1797190100C9AD10 /* gcm_connection.cpp in Sources */ = {isa = PBXBuildFile; fileRef = 242E703B1797190100C9AD10 /* gcm_connection.cpp */; };
		242E703E1797190100C9AD10 /* gcm_connection.hpp in Headers */ = {isa = PBXBuildFile; fileRef = 242E703C1797190100C9AD10 /* gcm_connection.hpp */; };
		242E70401797811600C9AD10 /* async_condition_variable.hpp in Headers */ = {isa = PBXBuildFile; fileRef = 242E703F1797811500C9AD10 /* async_condition_variable.hpp */; };
		24D4E192178863B6007E9D6C /* push_service.cpp in Sources */ = {isa = PBXBuildFile; fileRef = 24D4E190178863B6007E9D6C /* push_service.cpp */; };
		24D4E19B178863DC007E9D6C /* main.cpp in Sources */ = {isa = PBXBuildFile; fileRef = 24D4E19A178863DC007E9D6C /* main.cpp */; };
		24D4E1A317886EE9007E9D6C /* libpush_service.a in Frameworks */ = {isa = PBXBuildFile; fileRef = 24D4E18717886344007E9D6C /* libpush_service.a */; };
		24D4E1A617887207007E9D6C /* libboost_system.a in Frameworks */ = {isa = PBXBuildFile; fileRef = 24D4E1A4178871D2007E9D6C /* libboost_system.a */; };
		24D4E1A917887320007E9D6C /* push_provider.cpp in Sources */ = {isa = PBXBuildFile; fileRef = 24D4E1A717887320007E9D6C /* push_provider.cpp */; };
		24D4E1AA17887320007E9D6C /* push_provider.hpp in Headers */ = {isa = PBXBuildFile; fileRef = 24D4E1A817887320007E9D6C /* push_provider.hpp */; };
		24D4E1AE178874CC007E9D6C /* apns.cpp in Sources */ = {isa = PBXBuildFile; fileRef = 24D4E1AC178874CC007E9D6C /* apns.cpp */; };
		24D4E1AF178874CC007E9D6C /* apns.hpp in Headers */ = {isa = PBXBuildFile; fileRef = 24D4E1AD178874CC007E9D6C /* apns.hpp */; };
		24D4E1B2178A4684007E9D6C /* gcm.cpp in Sources */ = {isa = PBXBuildFile; fileRef = 24D4E1B0178A4684007E9D6C /* gcm.cpp */; };
		24D4E1B3178A4684007E9D6C /* gcm.hpp in Headers */ = {isa = PBXBuildFile; fileRef = 24D4E1B1178A4684007E9D6C /* gcm.hpp */; };
		24D4E1B7178AF6A7007E9D6C /* apns_connection.cpp in Sources */ = {isa = PBXBuildFile; fileRef = 24D4E1B5178AF6A7007E9D6C /* apns_connection.cpp */; };
		24D4E1B8178AF6A7007E9D6C /* apns_connection.hpp in Headers */ = {isa = PBXBuildFile; fileRef = 24D4E1B6178AF6A7007E9D6C /* apns_connection.hpp */; };
		24D4E1BA178B1F3D007E9D6C /* libboost_thread.a in Frameworks */ = {isa = PBXBuildFile; fileRef = 24D4E1B9178B1F3D007E9D6C /* libboost_thread.a */; };
		F44B2E1B3F6ACED61D7407BF /* connection_pool.hpp in Headers */ = {isa = PBXBuildFile; fileRef = F44B202B92528F8F9F233C67 /* connection_pool.hpp */; };
/* End PBXBuildFile section */

/* Begin PBXContainerItemProxy section */
		24D4E1A117886EE3007E9D6C /* PBXContainerItemProxy */ = {
			isa = PBXContainerItemProxy;
			containerPortal = 24D4E17F17886344007E9D6C /* Project object */;
			proxyType = 1;
			remoteGlobalIDString = 24D4E18617886344007E9D6C;
			remoteInfo = push_service;
		};
/* End PBXContainerItemProxy section */

/* Begin PBXCopyFilesBuildPhase section */
		24D4E196178863DC007E9D6C /* CopyFiles */ = {
			isa = PBXCopyFilesBuildPhase;
			buildActionMask = 2147483647;
			dstPath = /usr/share/man/man1/;
			dstSubfolderSpec = 0;
			files = (
			);
			runOnlyForDeploymentPostprocessing = 1;
		};
/* End PBXCopyFilesBuildPhase section */

/* Begin PBXFileReference section */
		242E7017178C2C8700C9AD10 /* libssl.dylib */ = {isa = PBXFileReference; lastKnownFileType = "compiled.mach-o.dylib"; name = libssl.dylib; path = usr/lib/libssl.dylib; sourceTree = SDKROOT; };
		242E7019178C2C8D00C9AD10 /* libcrypto.dylib */ = {isa = PBXFileReference; lastKnownFileType = "compiled.mach-o.dylib"; name = libcrypto.dylib; path = usr/lib/libcrypto.dylib; sourceTree = SDKROOT; };
		242E701B178C4E4C00C9AD10 /* apns_request.cpp */ = {isa = PBXFileReference; fileEncoding = 4; lastKnownFileType = sourcecode.cpp.cpp; path = apns_request.cpp; sourceTree = "<group>"; };
		242E701C178C4E4C00C9AD10 /* apns_request.hpp */ = {isa = PBXFileReference; fileEncoding = 4; lastKnownFileType = sourcecode.cpp.h; path = apns_request.hpp; sourceTree = "<group>"; };
		242E701F178C54DA00C9AD10 /* push_service.hpp */ = {isa = PBXFileReference; fileEncoding = 4; lastKnownFileType = sourcecode.cpp.h; name = push_service.hpp; path = src/push_service.hpp; sourceTree = SOURCE_ROOT; };
		242E7024178EB35400C9AD10 /* apns_response.cpp */ = {isa = PBXFileReference; fileEncoding = 4; lastKnownFileType = sourcecode.cpp.cpp; path = apns_response.cpp; sourceTree = "<group>"; };
		242E7025178EB35400C9AD10 /* apns_response.hpp */ = {isa = PBXFileReference; fileEncoding = 4; lastKnownFileType = sourcecode.cpp.h; path = apns_response.hpp; sourceTree = "<group>"; };
		242E7028178F23C000C9AD10 /* apns_errors.cpp */ = {isa = PBXFileReference; fileEncoding = 4; lastKnownFileType = sourcecode.cpp.cpp; path = apns_errors.cpp; sourceTree = "<group>"; };
		242E7029178F23C000C9AD10 /* apns_errors.hpp */ = {isa = PBXFileReference; fileEncoding = 4; lastKnownFileType = sourcecode.cpp.h; path = apns_errors.hpp; sourceTree = "<group>"; };
		242E702D178FFEC200C9AD10 /* push_exception.hpp */ = {isa = PBXFileReference; fileEncoding = 4; lastKnownFileType = sourcecode.cpp.h; path = push_exception.hpp; sourceTree = "<group>"; };
		242E702F178FFFDC00C9AD10 /* apns_exception.hpp */ = {isa = PBXFileReference; fileEncoding = 4; lastKnownFileType = sourcecode.cpp.h; path = apns_exception.hpp; sourceTree = "<group>"; };
		242E70311790105B00C9AD10 /* apns_feedback_connection.cpp */ = {isa = PBXFileReference; fileEncoding = 4; lastKnownFileType = sourcecode.cpp.cpp; path = apns_feedback_connection.cpp; sourceTree = "<group>"; };
		242E70321790105B00C9AD10 /* apns_feedback_connection.hpp */ = {isa = PBXFileReference; fileEncoding = 4; lastKnownFileType = sourcecode.cpp.h; path = apns_feedback_connection.hpp; sourceTree = "<group>"; };
		242E70351797182400C9AD10 /* gcm_request.cpp */ = {isa = PBXFileReference; fileEncoding = 4; lastKnownFileType = sourcecode.cpp.cpp; path = gcm_request.cpp; sourceTree = "<group>"; };
		242E70361797182500C9AD10 /* gcm_request.hpp */ = {isa = PBXFileReference; fileEncoding = 4; lastKnownFileType = sourcecode.cpp.h; path = gcm_request.hpp; sourceTree = "<group>"; };
		242E703B1797190100C9AD10 /* gcm_connection.cpp */ = {isa = PBXFileReference; fileEncoding = 4; lastKnownFileType = sourcecode.cpp.cpp; path = gcm_connection.cpp; sourceTree = "<group>"; };
		242E703C1797190100C9AD10 /* gcm_connection.hpp */ = {isa = PBXFileReference; fileEncoding = 4; lastKnownFileType = sourcecode.cpp.h; path = gcm_connection.hpp; sourceTree = "<group>"; };
		242E703F1797811500C9AD10 /* async_condition_variable.hpp */ = {isa = PBXFileReference; fileEncoding = 4; lastKnownFileType = sourcecode.cpp.h; path = async_condition_variable.hpp; sourceTree = "<group>"; };
		24C24B13179DB5DA0095E499 /* util.hpp */ = {isa = PBXFileReference; fileEncoding = 4; lastKnownFileType = sourcecode.cpp.h; path = util.hpp; sourceTree = "<group>"; };
		24D4E18717886344007E9D6C /* libpush_service.a */ = {isa = PBXFileReference; explicitFileType = archive.ar; includeInIndex = 0; path = libpush_service.a; sourceTree = BUILT_PRODUCTS_DIR; };
		24D4E18F17886372007E9D6C /* push_service.hpp */ = {isa = PBXFileReference; lastKnownFileType = sourcecode.cpp.h; path = push_service.hpp; sourceTree = "<group>"; };
		24D4E190178863B6007E9D6C /* push_service.cpp */ = {isa = PBXFileReference; fileEncoding = 4; lastKnownFileType = sourcecode.cpp.cpp; path = push_service.cpp; sourceTree = "<group>"; };
		24D4E198178863DC007E9D6C /* test */ = {isa = PBXFileReference; explicitFileType = "compiled.mach-o.executable"; includeInIndex = 0; path = test; sourceTree = BUILT_PRODUCTS_DIR; };
		24D4E19A178863DC007E9D6C /* main.cpp */ = {isa = PBXFileReference; lastKnownFileType = sourcecode.cpp.cpp; path = main.cpp; sourceTree = "<group>"; };
		24D4E1A4178871D2007E9D6C /* libboost_system.a */ = {isa = PBXFileReference; lastKnownFileType = archive.ar; name = libboost_system.a; path = /usr/local/lib/libboost_system.a; sourceTree = "<absolute>"; };
		24D4E1A717887320007E9D6C /* push_provider.cpp */ = {isa = PBXFileReference; fileEncoding = 4; lastKnownFileType = sourcecode.cpp.cpp; path = push_provider.cpp; sourceTree = "<group>"; };
		24D4E1A817887320007E9D6C /* push_provider.hpp */ = {isa = PBXFileReference; fileEncoding = 4; lastKnownFileType = sourcecode.cpp.h; path = push_provider.hpp; sourceTree = "<group>"; };
		24D4E1AC178874CC007E9D6C /* apns.cpp */ = {isa = PBXFileReference; fileEncoding = 4; lastKnownFileType = sourcecode.cpp.cpp; path = apns.cpp; sourceTree = "<group>"; };
		24D4E1AD178874CC007E9D6C /* apns.hpp */ = {isa = PBXFileReference; fileEncoding = 4; lastKnownFileType = sourcecode.cpp.h; path = apns.hpp; sourceTree = "<group>"; };
		24D4E1B0178A4684007E9D6C /* gcm.cpp */ = {isa = PBXFileReference; fileEncoding = 4; lastKnownFileType = sourcecode.cpp.cpp; path = gcm.cpp; sourceTree = "<group>"; };
		24D4E1B1178A4684007E9D6C /* gcm.hpp */ = {isa = PBXFileReference; fileEncoding = 4; lastKnownFileType = sourcecode.cpp.h; path = gcm.hpp; sourceTree = "<group>"; };
		24D4E1B5178AF6A7007E9D6C /* apns_connection.cpp */ = {isa = PBXFileReference; fileEncoding = 4; lastKnownFileType = sourcecode.cpp.cpp; path = apns_connection.cpp; sourceTree = "<group>"; };
		24D4E1B6178AF6A7007E9D6C /* apns_connection.hpp */ = {isa = PBXFileReference; fileEncoding = 4; lastKnownFileType = sourcecode.cpp.h; path = apns_connection.hpp; sourceTree = "<group>"; };
		24D4E1B9178B1F3D007E9D6C /* libboost_thread.a */ = {isa = PBXFileReference; lastKnownFileType = archive.ar; name = libboost_thread.a; path = /usr/local/lib/libboost_thread.a; sourceTree = "<absolute>"; };
		F44B202B92528F8F9F233C67 /* connection_pool.hpp */ = {isa = PBXFileReference; fileEncoding = 4; lastKnownFileType = sourcecode.cpp.h; path = connection_pool.hpp; sourceTree = "<group>"; };
/* End PBXFileReference section */

/* Begin PBXFrameworksBuildPhase section */
		24D4E18417886344007E9D6C /* Frameworks */ = {
			isa = PBXFrameworksBuildPhase;
			buildActionMask = 2147483647;
			files = (
			);
			runOnlyForDeploymentPostprocessing = 0;
		};
		24D4E195178863DC007E9D6C /* Frameworks */ = {
			isa = PBXFrameworksBuildPhase;
			buildActionMask = 2147483647;
			files = (
				242E701A178C2C8D00C9AD10 /* libcrypto.dylib in Frameworks */,
				242E7018178C2C8700C9AD10 /* libssl.dylib in Frameworks */,
				24D4E1BA178B1F3D007E9D6C /* libboost_thread.a in Frameworks */,
				24D4E1A617887207007E9D6C /* libboost_system.a in Frameworks */,
				24D4E1A317886EE9007E9D6C /* libpush_service.a in Frameworks */,
			);
			runOnlyForDeploymentPostprocessing = 0;
		};
/* End PBXFrameworksBuildPhase section */

/* Begin PBXGroup section */
		242E7022178C74BB00C9AD10 /* linker */ = {
			isa = PBXGroup;
			children = (
				242E7019178C2C8D00C9AD10 /* libcrypto.dylib */,
				242E7017178C2C8700C9AD10 /* libssl.dylib */,
				24D4E1B9178B1F3D007E9D6C /* libboost_thread.a */,
				24D4E1A4178871D2007E9D6C /* libboost_system.a */,
			);
			name = linker;
			sourceTree = "<group>";
		};
		242E7023178C750300C9AD10 /* public */ = {
			isa = PBXGroup;
			children = (
				242E701F178C54DA00C9AD10 /* push_service.hpp */,
			);
			name = public;
			sourceTree = "<group>";
		};
		242E702C178FFE6D00C9AD10 /* exception */ = {
			isa = PBXGroup;
			children = (
				242E702F178FFFDC00C9AD10 /* apns_exception.hpp */,
				242E702D178FFEC200C9AD10 /* push_exception.hpp */,
			);
			path = exception;
			sourceTree = "<group>";
		};
		242E70391797182E00C9AD10 /* gcm */ = {
			isa = PBXGroup;
			children = (
				242E703B1797190100C9AD10 /* gcm_connection.cpp */,
				242E703C1797190100C9AD10 /* gcm_connection.hpp */,
				242E70351797182400C9AD10 /* gcm_request.cpp */,
				242E70361797182500C9AD10 /* gcm_request.hpp */,
			);
			name = gcm;
			sourceTree = "<group>";
		};
		242E703A1797183600C9AD10 /* apns */ = {
			isa = PBXGroup;
			children = (
				242E7024178EB35400C9AD10 /* apns_response.cpp */,
				242E7025178EB35400C9AD10 /* apns_response.hpp */,
				242E701B178C4E4C00C9AD10 /* apns_request.cpp */,
				242E701C178C4E4C00C9AD10 /* apns_request.hpp */,
				24D4E1B5178AF6A7007E9D6C /* apns_connection.cpp */,
				24D4E1B6178AF6A7007E9D6C /* apns_connection.hpp */,
				242E70311790105B00C9AD10 /* apns_feedback_connection.cpp */,
				242E70321790105B00C9AD10 /* apns_feedback_connection.hpp */,
			);
			name = apns;
			sourceTree = "<group>";
		};
		24D4E17E17886344007E9D6C = {
			isa = PBXGroup;
			children = (
				242E7022178C74BB00C9AD10 /* linker */,
				24D4E18E17886358007E9D6C /* src */,
				24D4E199178863DC007E9D6C /* test */,
				24D4E18817886344007E9D6C /* Products */,
			);
			sourceTree = "<group>";
		};
		24D4E18817886344007E9D6C /* Products */ = {
			isa = PBXGroup;
			children = (
				24D4E18717886344007E9D6C /* libpush_service.a */,
				24D4E198178863DC007E9D6C /* test */,
			);
			name = Products;
			sourceTree = "<group>";
		};
		24D4E18E17886358007E9D6C /* src */ = {
			isa = PBXGroup;
			children = (
				242E7023178C750300C9AD10 /* public */,
				24D4E1AB178874C0007E9D6C /* api */,
			);
			name = src;
			path = src/push;
			sourceTree = "<group>";
		};
		24D4E199178863DC007E9D6C /* test */ = {
			isa = PBXGroup;
			children = (
				24C24B13179DB5DA0095E499 /* util.hpp */,
				24D4E19A178863DC007E9D6C /* main.cpp */,
			);
			path = test;
			sourceTree = "<group>";
		};
		24D4E1AB178874C0007E9D6C /* api */ = {
			isa = PBXGroup;
			children = (
				242E702C178FFE6D00C9AD10 /* exception */,
				24D4E1B4178AF685007E9D6C /* detail */,
				242E7028178F23C000C9AD10 /* apns_errors.cpp */,
				242E7029178F23C000C9AD10 /* apns_errors.hpp */,
				24D4E18F17886372007E9D6C /* push_service.hpp */,
				24D4E190178863B6007E9D6C /* push_service.cpp */,
				24D4E1A717887320007E9D6C /* push_provider.cpp */,
				24D4E1A817887320007E9D6C /* push_provider.hpp */,
				24D4E1B0178A4684007E9D6C /* gcm.cpp */,
				24D4E1B1178A4684007E9D6C /* gcm.hpp */,
				24D4E1AC178874CC007E9D6C /* apns.cpp */,
				24D4E1AD178874CC007E9D6C /* apns.hpp */,
			);
			name = api;
			sourceTree = "<group>";
		};
		24D4E1B4178AF685007E9D6C /* detail */ = {
			isa = PBXGroup;
			children = (
				242E70391797182E00C9AD10 /* gcm */,
				242E703A1797183600C9AD10 /* apns */,
				F44B202B92528F8F9F233C67 /* connection_pool.hpp */,
				242E703F1797811500C9AD10 /* async_condition_variable.hpp */,
			);
			path = detail;
			sourceTree = "<group>";
		};
/* End PBXGroup section */

/* Begin PBXHeadersBuildPhase section */
		24D4E18517886344007E9D6C /* Headers */ = {
			isa = PBXHeadersBuildPhase;
			buildActionMask = 2147483647;
			files = (
				24D4E1AA17887320007E9D6C /* push_provider.hpp in Headers */,
				24D4E1AF178874CC007E9D6C /* apns.hpp in Headers */,
				24D4E1B3178A4684007E9D6C /* gcm.hpp in Headers */,
				24D4E1B8178AF6A7007E9D6C /* apns_connection.hpp in Headers */,
				F44B2E1B3F6ACED61D7407BF /* connection_pool.hpp in Headers */,
				242E701E178C4E4C00C9AD10 /* apns_request.hpp in Headers */,
				242E7020178C54DB00C9AD10 /* push_service.hpp in Headers */,
				242E7027178EB35500C9AD10 /* apns_response.hpp in Headers */,
				242E702B178F23C000C9AD10 /* apns_errors.hpp in Headers */,
				242E702E178FFEC200C9AD10 /* push_exception.hpp in Headers */,
				242E7030178FFFDC00C9AD10 /* apns_exception.hpp in Headers */,
				242E70341790105B00C9AD10 /* apns_feedback_connection.hpp in Headers */,
				242E70381797182500C9AD10 /* gcm_request.hpp in Headers */,
				242E703E1797190100C9AD10 /* gcm_connection.hpp in Headers */,
				242E70401797811600C9AD10 /* async_condition_variable.hpp in Headers */,
			);
			runOnlyForDeploymentPostprocessing = 0;
		};
/* End PBXHeadersBuildPhase section */

/* Begin PBXNativeTarget section */
		24D4E18617886344007E9D6C /* push_service */ = {
			isa = PBXNativeTarget;
			buildConfigurationList = 24D4E18B17886344007E9D6C /* Build configuration list for PBXNativeTarget "push_service" */;
			buildPhases = (
				24D4E18317886344007E9D6C /* Sources */,
				24D4E18417886344007E9D6C /* Frameworks */,
				24D4E18517886344007E9D6C /* Headers */,
			);
			buildRules = (
			);
			dependencies = (
			);
			name = push_service;
			productName = push_service;
			productReference = 24D4E18717886344007E9D6C /* libpush_service.a */;
			productType = "com.apple.product-type.library.static";
		};
		24D4E197178863DC007E9D6C /* test */ = {
			isa = PBXNativeTarget;
			buildConfigurationList = 24D4E19E178863DC007E9D6C /* Build configuration list for PBXNativeTarget "test" */;
			buildPhases = (
				24D4E194178863DC007E9D6C /* Sources */,
				24D4E195178863DC007E9D6C /* Frameworks */,
				24D4E196178863DC007E9D6C /* CopyFiles */,
			);
			buildRules = (
			);
			dependencies = (
				24D4E1A217886EE3007E9D6C /* PBXTargetDependency */,
			);
			name = test;
			productName = test;
			productReference = 24D4E198178863DC007E9D6C /* test */;
			productType = "com.apple.product-type.tool";
		};
/* End PBXNativeTarget section */

/* Begin PBXProject section */
		24D4E17F17886344007E9D6C /* Project object */ = {
			isa = PBXProject;
			attributes = {
				LastUpgradeCheck = 0460;
				ORGANIZATIONNAME = godexsoft;
			};
			buildConfigurationList = 24D4E18217886344007E9D6C /* Build configuration list for PBXProject "push_service" */;
			compatibilityVersion = "Xcode 3.2";
			developmentRegion = English;
			hasScannedForEncodings = 0;
			knownRegions = (
				en,
			);
			mainGroup = 24D4E17E17886344007E9D6C;
			productRefGroup = 24D4E18817886344007E9D6C /* Products */;
			projectDirPath = "";
			projectRoot = "";
			targets = (
				24D4E18617886344007E9D6C /* push_service */,
				24D4E197178863DC007E9D6C /* test */,
			);
		};
/* End PBXProject section */

/* Begin PBXSourcesBuildPhase section */
		24D4E18317886344007E9D6C /* Sources */ = {
			isa = PBXSourcesBuildPhase;
			buildActionMask = 2147483647;
			files = (
				24D4E192178863B6007E9D6C /* push_service.cpp in Sources */,
				24D4E1A917887320007E9D6C /* push_provider.cpp in Sources */,
				24D4E1AE178874CC007E9D6C /* apns.cpp in Sources */,
				24D4E1B2178A4684007E9D6C /* gcm.cpp in Sources */,
				24D4E1B7178AF6A7007E9D6C /* apns_connection.cpp in Sources */,
				242E701D178C4E4C00C9AD10 /* apns_request.cpp in Sources */,
				242E7026178EB35500C9AD10 /* apns_response.cpp in Sources */,
				242E702A178F23C000C9AD10 /* apns_errors.cpp in Sources */,
				242E70331790105B00C9AD10 /* apns_feedback_connection.cpp in Sources */,
				242E70371797182500C9AD10 /* gcm_request.cpp in Sources */,
				242E703D1797190100C9AD10 /* gcm_connection.cpp in Sources */,
			);
			runOnlyForDeploymentPostprocessing = 0;
		};
		24D4E194178863DC007E9D6C /* Sources */ = {
			isa = PBXSourcesBuildPhase;
			buildActionMask = 2147483647;
			files = (
				24D4E19B178863DC007E9D6C /* main.cpp in Sources */,
			);
			runOnlyForDeploymentPostprocessing = 0;
		};
/* End PBXSourcesBuildPhase section */

/* Begin PBXTargetDependency section */
		24D4E1A217886EE3007E9D6C /* PBXTargetDependency */ = {
			isa = PBXTargetDependency;
			target = 24D4E18617886344007E9D6C /* push_service */;
			targetProxy = 24D4E1A117886EE3007E9D6C /* PBXContainerItemProxy */;
		};
/* End PBXTargetDependency section */

/* Begin XCBuildConfiguration section */
		24D4E18917886344007E9D6C /* Debug */ = {
			isa = XCBuildConfiguration;
			buildSettings = {
				ALWAYS_SEARCH_USER_PATHS = NO;
				ARCHS = "$(ARCHS_STANDARD_64_BIT)";
				CLANG_CXX_LANGUAGE_STANDARD = "compiler-default";
				CLANG_CXX_LIBRARY = "compiler-default";
				CLANG_WARN_CONSTANT_CONVERSION = YES;
				CLANG_WARN_EMPTY_BODY = YES;
				CLANG_WARN_ENUM_CONVERSION = YES;
				CLANG_WARN_INT_CONVERSION = YES;
				CLANG_WARN__DUPLICATE_METHOD_MATCH = YES;
				COPY_PHASE_STRIP = NO;
				GCC_C_LANGUAGE_STANDARD = gnu99;
				GCC_DYNAMIC_NO_PIC = NO;
				GCC_ENABLE_OBJC_EXCEPTIONS = YES;
				GCC_OPTIMIZATION_LEVEL = 0;
				GCC_PREPROCESSOR_DEFINITIONS = (
					"DEBUG=1",
					"$(inherited)",
				);
				GCC_SYMBOLS_PRIVATE_EXTERN = NO;
				GCC_VERSION = "";
				GCC_WARN_64_TO_32_BIT_CONVERSION = YES;
				GCC_WARN_ABOUT_RETURN_TYPE = YES;
				GCC_WARN_UNINITIALIZED_AUTOS = YES;
				GCC_WARN_UNUSED_VARIABLE = YES;
				HEADER_SEARCH_PATHS = (
					/usr/local/include,
					"$(PROJECT_DIR)/src",
				);
				LIBRARY_SEARCH_PATHS = /usr/local/lib;
				MACOSX_DEPLOYMENT_TARGET = 10.8;
				ONLY_ACTIVE_ARCH = YES;
				SDKROOT = macosx;
			};
			name = Debug;
		};
		24D4E18A17886344007E9D6C /* Release */ = {
			isa = XCBuildConfiguration;
			buildSettings = {
				ALWAYS_SEARCH_USER_PATHS = NO;
				ARCHS = "$(ARCHS_STANDARD_64_BIT)";
				CLANG_CXX_LANGUAGE_STANDARD = "compiler-default";
				CLANG_CXX_LIBRARY = "compiler-default";
				CLANG_WARN_CONSTANT_CONVERSION = YES;
				CLANG_WARN_EMPTY_BODY = YES;
				CLANG_WARN_ENUM_CONVERSION = YES;
				CLANG_WARN_INT_CONVERSION = YES;
				CLANG_WARN__DUPLICATE_METHOD_MATCH = YES;
				COPY_PHASE_STRIP = YES;
				DEBUG_INFORMATION_FORMAT = "dwarf-with-dsym";
				GCC_C_LANGUAGE_STANDARD = gnu99;
				GCC_ENABLE_OBJC_EXCEPTIONS = YES;
				GCC_VERSION = "";
				GCC_WARN_64_TO_32_BIT_CONVERSION = YES;
				GCC_WARN_ABOUT_RETURN_TYPE = YES;
				GCC_WARN_UNINITIALIZED_AUTOS = YES;
				GCC_WARN_UNUSED_VARIABLE = YES;
				HEADER_SEARCH_PATHS = (
					/usr/local/include,
					"$(PROJECT_DIR)/src",
				);
				LIBRARY_SEARCH_PATHS = /usr/local/lib;
				MACOSX_DEPLOYMENT_TARGET = 10.8;
				SDKROOT = macosx;
			};
			name = Release;
		};
		24D4E18C17886344007E9D6C /* Debug */ = {
			isa = XCBuildConfiguration;
			buildSettings = {
				EXECUTABLE_PREFIX = lib;
				PRODUCT_NAME = "$(TARGET_NAME)";
			};
			name = Debug;
		};
		24D4E18D17886344007E9D6C /* Release */ = {
			isa = XCBuildConfiguration;
			buildSettings = {
				EXECUTABLE_PREFIX = lib;
				PRODUCT_NAME = "$(TARGET_NAME)";
			};
			name = Release;
		};
		24D4E19F178863DC007E9D6C /* Debug */ = {
			isa = XCBuildConfiguration;
			buildSettings = {
				HEADER_SEARCH_PATHS = (
					/usr/local/include,
					"$(inherited)",
				);
				PRODUCT_NAME = "$(TARGET_NAME)";
			};
			name = Debug;
		};
		24D4E1A0178863DC007E9D6C /* Release */ = {
			isa = XCBuildConfiguration;
			buildSettings = {
				HEADER_SEARCH_PATHS = (
					/usr/local/include,
					"$(inherited)",
				);
				PRODUCT_NAME = "$(TARGET_NAME)";
			};
			name = Release;
		};
/* End XCBuildConfiguration section */

/* Begin XCConfigurationList section */
		24D4E18217886344007E9D6C /* Build configuration list for PBXProject "push_service" */ = {
			isa = XCConfigurationList;
			buildConfigurations = (
				24D4E18917886344007E9D6C /* Debug */,
				24D4E18A17886344007E9D6C /* Release */,
			);
			defaultConfigurationIsVisible = 0;
			defaultConfigurationName = Release;
		};
		24D4E18B17886344007E9D6C /* Build configuration list for PBXNativeTarget "push_service" */ = {
			isa = XCConfigurationList;
			buildConfigurations = (
				24D4E18C17886344007E9D6C /* Debug */,
				24D4E18D17886344007E9D6C /* Release */,
			);
			defaultConfigurationIsVisible = 0;
			defaultConfigurationName = Release;
		};
		24D4E19E178863DC007E9D6C /* Build configuration list for PBXNativeTarget "test" */ = {
			isa = XCConfigurationList;
			buildConfigurations = (
				24D4E19F178863DC007E9D6C /* Debug */,
				24D4E1A0178863DC007E9D6C /* Release */,
			);
			defaultConfigurationIsVisible = 0;
			defaultConfigurationName = Release;
		};
/* End XCConfigurationList section */
	};
	rootObject = 24D4E17F17886344007E9D6C /* Project object */;
}
